
Microsoft Visual Studio Solution File, Format Version 12.00
# Visual Studio 14
VisualStudioVersion = 14.0.25420.1
MinimumVisualStudioVersion = 10.0.40219.1
Project("{FAE04EC0-301F-11D3-BF4B-00C04F79EFBC}") = "Kitablet", "FISE\FISE\Kitablet.csproj", "{277E8460-194A-46D0-B734-185552CD2515}"
EndProject
Project("{FAE04EC0-301F-11D3-BF4B-00C04F79EFBC}") = "FISE.Droid", "FISE\FISE.Droid\FISE.Droid.csproj", "{B87257BE-A390-4A91-9C30-55E2BFB98336}"
EndProject
Project("{FAE04EC0-301F-11D3-BF4B-00C04F79EFBC}") = "FISE.iOS", "FISE\FISE.iOS\FISE.iOS.csproj", "{6C4442EB-D99E-4726-BB41-94E34F188FF9}"
EndProject
Project("{FAE04EC0-301F-11D3-BF4B-00C04F79EFBC}") = "Kitablet.UWP", "FISE\FISE.UWP\Kitablet.UWP.csproj", "{2965A9A0-DE41-425C-9234-6B742D23B923}"
EndProject
Project("{FAE04EC0-301F-11D3-BF4B-00C04F79EFBC}") = "Kitablet.Windows", "FISE\FISE.Windows\Kitablet.Windows.csproj", "{C8376757-0397-44DB-9315-436EA6B32469}"
EndProject
Global
	GlobalSection(SolutionConfigurationPlatforms) = preSolution
		Ad-Hoc|Any CPU = Ad-Hoc|Any CPU
		Ad-Hoc|ARM = Ad-Hoc|ARM
		Ad-Hoc|iPhone = Ad-Hoc|iPhone
		Ad-Hoc|iPhoneSimulator = Ad-Hoc|iPhoneSimulator
		Ad-Hoc|x64 = Ad-Hoc|x64
		Ad-Hoc|x86 = Ad-Hoc|x86
		AppStore|Any CPU = AppStore|Any CPU
		AppStore|ARM = AppStore|ARM
		AppStore|iPhone = AppStore|iPhone
		AppStore|iPhoneSimulator = AppStore|iPhoneSimulator
		AppStore|x64 = AppStore|x64
		AppStore|x86 = AppStore|x86
		Debug|Any CPU = Debug|Any CPU
		Debug|ARM = Debug|ARM
		Debug|iPhone = Debug|iPhone
		Debug|iPhoneSimulator = Debug|iPhoneSimulator
		Debug|x64 = Debug|x64
		Debug|x86 = Debug|x86
		Release|Any CPU = Release|Any CPU
		Release|ARM = Release|ARM
		Release|iPhone = Release|iPhone
		Release|iPhoneSimulator = Release|iPhoneSimulator
		Release|x64 = Release|x64
		Release|x86 = Release|x86
	EndGlobalSection
	GlobalSection(ProjectConfigurationPlatforms) = postSolution
		{277E8460-194A-46D0-B734-185552CD2515}.Ad-Hoc|Any CPU.ActiveCfg = Release|Any CPU
		{277E8460-194A-46D0-B734-185552CD2515}.Ad-Hoc|Any CPU.Build.0 = Release|Any CPU
		{277E8460-194A-46D0-B734-185552CD2515}.Ad-Hoc|ARM.ActiveCfg = Release|Any CPU
		{277E8460-194A-46D0-B734-185552CD2515}.Ad-Hoc|ARM.Build.0 = Release|Any CPU
		{277E8460-194A-46D0-B734-185552CD2515}.Ad-Hoc|iPhone.ActiveCfg = Release|Any CPU
		{277E8460-194A-46D0-B734-185552CD2515}.Ad-Hoc|iPhone.Build.0 = Release|Any CPU
		{277E8460-194A-46D0-B734-185552CD2515}.Ad-Hoc|iPhoneSimulator.ActiveCfg = Release|Any CPU
		{277E8460-194A-46D0-B734-185552CD2515}.Ad-Hoc|iPhoneSimulator.Build.0 = Release|Any CPU
		{277E8460-194A-46D0-B734-185552CD2515}.Ad-Hoc|x64.ActiveCfg = Release|Any CPU
		{277E8460-194A-46D0-B734-185552CD2515}.Ad-Hoc|x64.Build.0 = Release|Any CPU
		{277E8460-194A-46D0-B734-185552CD2515}.Ad-Hoc|x86.ActiveCfg = Release|Any CPU
		{277E8460-194A-46D0-B734-185552CD2515}.Ad-Hoc|x86.Build.0 = Release|Any CPU
		{277E8460-194A-46D0-B734-185552CD2515}.AppStore|Any CPU.ActiveCfg = Release|Any CPU
		{277E8460-194A-46D0-B734-185552CD2515}.AppStore|Any CPU.Build.0 = Release|Any CPU
		{277E8460-194A-46D0-B734-185552CD2515}.AppStore|ARM.ActiveCfg = Release|Any CPU
		{277E8460-194A-46D0-B734-185552CD2515}.AppStore|ARM.Build.0 = Release|Any CPU
		{277E8460-194A-46D0-B734-185552CD2515}.AppStore|iPhone.ActiveCfg = Release|Any CPU
		{277E8460-194A-46D0-B734-185552CD2515}.AppStore|iPhone.Build.0 = Release|Any CPU
		{277E8460-194A-46D0-B734-185552CD2515}.AppStore|iPhoneSimulator.ActiveCfg = Release|Any CPU
		{277E8460-194A-46D0-B734-185552CD2515}.AppStore|iPhoneSimulator.Build.0 = Release|Any CPU
		{277E8460-194A-46D0-B734-185552CD2515}.AppStore|x64.ActiveCfg = Release|Any CPU
		{277E8460-194A-46D0-B734-185552CD2515}.AppStore|x64.Build.0 = Release|Any CPU
		{277E8460-194A-46D0-B734-185552CD2515}.AppStore|x86.ActiveCfg = Release|Any CPU
		{277E8460-194A-46D0-B734-185552CD2515}.AppStore|x86.Build.0 = Release|Any CPU
		{277E8460-194A-46D0-B734-185552CD2515}.Debug|Any CPU.ActiveCfg = Debug|Any CPU
		{277E8460-194A-46D0-B734-185552CD2515}.Debug|Any CPU.Build.0 = Debug|Any CPU
		{277E8460-194A-46D0-B734-185552CD2515}.Debug|ARM.ActiveCfg = Debug|Any CPU
		{277E8460-194A-46D0-B734-185552CD2515}.Debug|ARM.Build.0 = Debug|Any CPU
		{277E8460-194A-46D0-B734-185552CD2515}.Debug|iPhone.ActiveCfg = Debug|Any CPU
		{277E8460-194A-46D0-B734-185552CD2515}.Debug|iPhone.Build.0 = Debug|Any CPU
		{277E8460-194A-46D0-B734-185552CD2515}.Debug|iPhoneSimulator.ActiveCfg = Debug|Any CPU
		{277E8460-194A-46D0-B734-185552CD2515}.Debug|iPhoneSimulator.Build.0 = Debug|Any CPU
		{277E8460-194A-46D0-B734-185552CD2515}.Debug|x64.ActiveCfg = Debug|Any CPU
		{277E8460-194A-46D0-B734-185552CD2515}.Debug|x64.Build.0 = Debug|Any CPU
		{277E8460-194A-46D0-B734-185552CD2515}.Debug|x86.ActiveCfg = Debug|Any CPU
		{277E8460-194A-46D0-B734-185552CD2515}.Debug|x86.Build.0 = Debug|Any CPU
		{277E8460-194A-46D0-B734-185552CD2515}.Release|Any CPU.ActiveCfg = Release|Any CPU
		{277E8460-194A-46D0-B734-185552CD2515}.Release|Any CPU.Build.0 = Release|Any CPU
		{277E8460-194A-46D0-B734-185552CD2515}.Release|ARM.ActiveCfg = Release|Any CPU
		{277E8460-194A-46D0-B734-185552CD2515}.Release|ARM.Build.0 = Release|Any CPU
		{277E8460-194A-46D0-B734-185552CD2515}.Release|iPhone.ActiveCfg = Release|Any CPU
		{277E8460-194A-46D0-B734-185552CD2515}.Release|iPhone.Build.0 = Release|Any CPU
		{277E8460-194A-46D0-B734-185552CD2515}.Release|iPhoneSimulator.ActiveCfg = Release|Any CPU
		{277E8460-194A-46D0-B734-185552CD2515}.Release|iPhoneSimulator.Build.0 = Release|Any CPU
		{277E8460-194A-46D0-B734-185552CD2515}.Release|x64.ActiveCfg = Release|Any CPU
		{277E8460-194A-46D0-B734-185552CD2515}.Release|x64.Build.0 = Release|Any CPU
		{277E8460-194A-46D0-B734-185552CD2515}.Release|x86.ActiveCfg = Release|Any CPU
		{277E8460-194A-46D0-B734-185552CD2515}.Release|x86.Build.0 = Release|Any CPU
		{B87257BE-A390-4A91-9C30-55E2BFB98336}.Ad-Hoc|Any CPU.ActiveCfg = Release|Any CPU
		{B87257BE-A390-4A91-9C30-55E2BFB98336}.Ad-Hoc|Any CPU.Build.0 = Release|Any CPU
		{B87257BE-A390-4A91-9C30-55E2BFB98336}.Ad-Hoc|Any CPU.Deploy.0 = Release|Any CPU
		{B87257BE-A390-4A91-9C30-55E2BFB98336}.Ad-Hoc|ARM.ActiveCfg = Release|Any CPU
		{B87257BE-A390-4A91-9C30-55E2BFB98336}.Ad-Hoc|ARM.Build.0 = Release|Any CPU
		{B87257BE-A390-4A91-9C30-55E2BFB98336}.Ad-Hoc|ARM.Deploy.0 = Release|Any CPU
		{B87257BE-A390-4A91-9C30-55E2BFB98336}.Ad-Hoc|iPhone.ActiveCfg = Release|Any CPU
		{B87257BE-A390-4A91-9C30-55E2BFB98336}.Ad-Hoc|iPhone.Build.0 = Release|Any CPU
		{B87257BE-A390-4A91-9C30-55E2BFB98336}.Ad-Hoc|iPhone.Deploy.0 = Release|Any CPU
		{B87257BE-A390-4A91-9C30-55E2BFB98336}.Ad-Hoc|iPhoneSimulator.ActiveCfg = Release|Any CPU
		{B87257BE-A390-4A91-9C30-55E2BFB98336}.Ad-Hoc|iPhoneSimulator.Build.0 = Release|Any CPU
		{B87257BE-A390-4A91-9C30-55E2BFB98336}.Ad-Hoc|iPhoneSimulator.Deploy.0 = Release|Any CPU
		{B87257BE-A390-4A91-9C30-55E2BFB98336}.Ad-Hoc|x64.ActiveCfg = Release|Any CPU
		{B87257BE-A390-4A91-9C30-55E2BFB98336}.Ad-Hoc|x64.Build.0 = Release|Any CPU
		{B87257BE-A390-4A91-9C30-55E2BFB98336}.Ad-Hoc|x64.Deploy.0 = Release|Any CPU
		{B87257BE-A390-4A91-9C30-55E2BFB98336}.Ad-Hoc|x86.ActiveCfg = Release|Any CPU
		{B87257BE-A390-4A91-9C30-55E2BFB98336}.Ad-Hoc|x86.Build.0 = Release|Any CPU
		{B87257BE-A390-4A91-9C30-55E2BFB98336}.Ad-Hoc|x86.Deploy.0 = Release|Any CPU
		{B87257BE-A390-4A91-9C30-55E2BFB98336}.AppStore|Any CPU.ActiveCfg = Release|Any CPU
		{B87257BE-A390-4A91-9C30-55E2BFB98336}.AppStore|Any CPU.Build.0 = Release|Any CPU
		{B87257BE-A390-4A91-9C30-55E2BFB98336}.AppStore|Any CPU.Deploy.0 = Release|Any CPU
		{B87257BE-A390-4A91-9C30-55E2BFB98336}.AppStore|ARM.ActiveCfg = Release|Any CPU
		{B87257BE-A390-4A91-9C30-55E2BFB98336}.AppStore|ARM.Build.0 = Release|Any CPU
		{B87257BE-A390-4A91-9C30-55E2BFB98336}.AppStore|ARM.Deploy.0 = Release|Any CPU
		{B87257BE-A390-4A91-9C30-55E2BFB98336}.AppStore|iPhone.ActiveCfg = Release|Any CPU
		{B87257BE-A390-4A91-9C30-55E2BFB98336}.AppStore|iPhone.Build.0 = Release|Any CPU
		{B87257BE-A390-4A91-9C30-55E2BFB98336}.AppStore|iPhone.Deploy.0 = Release|Any CPU
		{B87257BE-A390-4A91-9C30-55E2BFB98336}.AppStore|iPhoneSimulator.ActiveCfg = Release|Any CPU
		{B87257BE-A390-4A91-9C30-55E2BFB98336}.AppStore|iPhoneSimulator.Build.0 = Release|Any CPU
		{B87257BE-A390-4A91-9C30-55E2BFB98336}.AppStore|iPhoneSimulator.Deploy.0 = Release|Any CPU
		{B87257BE-A390-4A91-9C30-55E2BFB98336}.AppStore|x64.ActiveCfg = Release|Any CPU
		{B87257BE-A390-4A91-9C30-55E2BFB98336}.AppStore|x64.Build.0 = Release|Any CPU
		{B87257BE-A390-4A91-9C30-55E2BFB98336}.AppStore|x64.Deploy.0 = Release|Any CPU
		{B87257BE-A390-4A91-9C30-55E2BFB98336}.AppStore|x86.ActiveCfg = Release|Any CPU
		{B87257BE-A390-4A91-9C30-55E2BFB98336}.AppStore|x86.Build.0 = Release|Any CPU
		{B87257BE-A390-4A91-9C30-55E2BFB98336}.AppStore|x86.Deploy.0 = Release|Any CPU
		{B87257BE-A390-4A91-9C30-55E2BFB98336}.Debug|Any CPU.ActiveCfg = Debug|Any CPU
		{B87257BE-A390-4A91-9C30-55E2BFB98336}.Debug|Any CPU.Build.0 = Debug|Any CPU
		{B87257BE-A390-4A91-9C30-55E2BFB98336}.Debug|Any CPU.Deploy.0 = Debug|Any CPU
		{B87257BE-A390-4A91-9C30-55E2BFB98336}.Debug|ARM.ActiveCfg = Debug|Any CPU
		{B87257BE-A390-4A91-9C30-55E2BFB98336}.Debug|ARM.Build.0 = Debug|Any CPU
		{B87257BE-A390-4A91-9C30-55E2BFB98336}.Debug|ARM.Deploy.0 = Debug|Any CPU
		{B87257BE-A390-4A91-9C30-55E2BFB98336}.Debug|iPhone.ActiveCfg = Debug|Any CPU
		{B87257BE-A390-4A91-9C30-55E2BFB98336}.Debug|iPhone.Build.0 = Debug|Any CPU
		{B87257BE-A390-4A91-9C30-55E2BFB98336}.Debug|iPhone.Deploy.0 = Debug|Any CPU
		{B87257BE-A390-4A91-9C30-55E2BFB98336}.Debug|iPhoneSimulator.ActiveCfg = Debug|Any CPU
		{B87257BE-A390-4A91-9C30-55E2BFB98336}.Debug|iPhoneSimulator.Build.0 = Debug|Any CPU
		{B87257BE-A390-4A91-9C30-55E2BFB98336}.Debug|iPhoneSimulator.Deploy.0 = Debug|Any CPU
		{B87257BE-A390-4A91-9C30-55E2BFB98336}.Debug|x64.ActiveCfg = Debug|Any CPU
		{B87257BE-A390-4A91-9C30-55E2BFB98336}.Debug|x64.Build.0 = Debug|Any CPU
		{B87257BE-A390-4A91-9C30-55E2BFB98336}.Debug|x64.Deploy.0 = Debug|Any CPU
		{B87257BE-A390-4A91-9C30-55E2BFB98336}.Debug|x86.ActiveCfg = Debug|Any CPU
		{B87257BE-A390-4A91-9C30-55E2BFB98336}.Debug|x86.Build.0 = Debug|Any CPU
		{B87257BE-A390-4A91-9C30-55E2BFB98336}.Debug|x86.Deploy.0 = Debug|Any CPU
		{B87257BE-A390-4A91-9C30-55E2BFB98336}.Release|Any CPU.ActiveCfg = Release|Any CPU
		{B87257BE-A390-4A91-9C30-55E2BFB98336}.Release|Any CPU.Build.0 = Release|Any CPU
		{B87257BE-A390-4A91-9C30-55E2BFB98336}.Release|Any CPU.Deploy.0 = Release|Any CPU
		{B87257BE-A390-4A91-9C30-55E2BFB98336}.Release|ARM.ActiveCfg = Release|Any CPU
		{B87257BE-A390-4A91-9C30-55E2BFB98336}.Release|ARM.Build.0 = Release|Any CPU
		{B87257BE-A390-4A91-9C30-55E2BFB98336}.Release|ARM.Deploy.0 = Release|Any CPU
		{B87257BE-A390-4A91-9C30-55E2BFB98336}.Release|iPhone.ActiveCfg = Release|Any CPU
		{B87257BE-A390-4A91-9C30-55E2BFB98336}.Release|iPhone.Build.0 = Release|Any CPU
		{B87257BE-A390-4A91-9C30-55E2BFB98336}.Release|iPhone.Deploy.0 = Release|Any CPU
		{B87257BE-A390-4A91-9C30-55E2BFB98336}.Release|iPhoneSimulator.ActiveCfg = Release|Any CPU
		{B87257BE-A390-4A91-9C30-55E2BFB98336}.Release|iPhoneSimulator.Build.0 = Release|Any CPU
		{B87257BE-A390-4A91-9C30-55E2BFB98336}.Release|iPhoneSimulator.Deploy.0 = Release|Any CPU
		{B87257BE-A390-4A91-9C30-55E2BFB98336}.Release|x64.ActiveCfg = Release|Any CPU
		{B87257BE-A390-4A91-9C30-55E2BFB98336}.Release|x64.Build.0 = Release|Any CPU
		{B87257BE-A390-4A91-9C30-55E2BFB98336}.Release|x64.Deploy.0 = Release|Any CPU
		{B87257BE-A390-4A91-9C30-55E2BFB98336}.Release|x86.ActiveCfg = Release|Any CPU
		{B87257BE-A390-4A91-9C30-55E2BFB98336}.Release|x86.Build.0 = Release|Any CPU
		{B87257BE-A390-4A91-9C30-55E2BFB98336}.Release|x86.Deploy.0 = Release|Any CPU
		{6C4442EB-D99E-4726-BB41-94E34F188FF9}.Ad-Hoc|Any CPU.ActiveCfg = Ad-Hoc|iPhone
		{6C4442EB-D99E-4726-BB41-94E34F188FF9}.Ad-Hoc|ARM.ActiveCfg = Ad-Hoc|iPhone
		{6C4442EB-D99E-4726-BB41-94E34F188FF9}.Ad-Hoc|iPhone.ActiveCfg = Ad-Hoc|iPhone
		{6C4442EB-D99E-4726-BB41-94E34F188FF9}.Ad-Hoc|iPhone.Build.0 = Ad-Hoc|iPhone
		{6C4442EB-D99E-4726-BB41-94E34F188FF9}.Ad-Hoc|iPhoneSimulator.ActiveCfg = Ad-Hoc|iPhoneSimulator
		{6C4442EB-D99E-4726-BB41-94E34F188FF9}.Ad-Hoc|iPhoneSimulator.Build.0 = Ad-Hoc|iPhoneSimulator
		{6C4442EB-D99E-4726-BB41-94E34F188FF9}.Ad-Hoc|x64.ActiveCfg = Ad-Hoc|iPhone
		{6C4442EB-D99E-4726-BB41-94E34F188FF9}.Ad-Hoc|x86.ActiveCfg = Ad-Hoc|iPhone
		{6C4442EB-D99E-4726-BB41-94E34F188FF9}.AppStore|Any CPU.ActiveCfg = AppStore|iPhone
		{6C4442EB-D99E-4726-BB41-94E34F188FF9}.AppStore|ARM.ActiveCfg = AppStore|iPhone
		{6C4442EB-D99E-4726-BB41-94E34F188FF9}.AppStore|iPhone.ActiveCfg = AppStore|iPhone
		{6C4442EB-D99E-4726-BB41-94E34F188FF9}.AppStore|iPhone.Build.0 = AppStore|iPhone
		{6C4442EB-D99E-4726-BB41-94E34F188FF9}.AppStore|iPhoneSimulator.ActiveCfg = AppStore|iPhoneSimulator
		{6C4442EB-D99E-4726-BB41-94E34F188FF9}.AppStore|iPhoneSimulator.Build.0 = AppStore|iPhoneSimulator
		{6C4442EB-D99E-4726-BB41-94E34F188FF9}.AppStore|x64.ActiveCfg = AppStore|iPhone
		{6C4442EB-D99E-4726-BB41-94E34F188FF9}.AppStore|x86.ActiveCfg = AppStore|iPhone
		{6C4442EB-D99E-4726-BB41-94E34F188FF9}.Debug|Any CPU.ActiveCfg = Debug|iPhone
		{6C4442EB-D99E-4726-BB41-94E34F188FF9}.Debug|Any CPU.Build.0 = Debug|iPhone
		{6C4442EB-D99E-4726-BB41-94E34F188FF9}.Debug|ARM.ActiveCfg = Debug|iPhone
		{6C4442EB-D99E-4726-BB41-94E34F188FF9}.Debug|iPhone.ActiveCfg = Debug|iPhone
		{6C4442EB-D99E-4726-BB41-94E34F188FF9}.Debug|iPhone.Build.0 = Debug|iPhone
		{6C4442EB-D99E-4726-BB41-94E34F188FF9}.Debug|iPhoneSimulator.ActiveCfg = Debug|iPhoneSimulator
		{6C4442EB-D99E-4726-BB41-94E34F188FF9}.Debug|iPhoneSimulator.Build.0 = Debug|iPhoneSimulator
		{6C4442EB-D99E-4726-BB41-94E34F188FF9}.Debug|x64.ActiveCfg = Debug|iPhone
		{6C4442EB-D99E-4726-BB41-94E34F188FF9}.Debug|x86.ActiveCfg = Debug|iPhone
		{6C4442EB-D99E-4726-BB41-94E34F188FF9}.Release|Any CPU.ActiveCfg = Release|iPhone
		{6C4442EB-D99E-4726-BB41-94E34F188FF9}.Release|ARM.ActiveCfg = Release|iPhone
		{6C4442EB-D99E-4726-BB41-94E34F188FF9}.Release|iPhone.ActiveCfg = Release|iPhone
		{6C4442EB-D99E-4726-BB41-94E34F188FF9}.Release|iPhone.Build.0 = Release|iPhone
		{6C4442EB-D99E-4726-BB41-94E34F188FF9}.Release|iPhoneSimulator.ActiveCfg = Release|iPhoneSimulator
		{6C4442EB-D99E-4726-BB41-94E34F188FF9}.Release|iPhoneSimulator.Build.0 = Release|iPhoneSimulator
		{6C4442EB-D99E-4726-BB41-94E34F188FF9}.Release|x64.ActiveCfg = Release|iPhone
		{6C4442EB-D99E-4726-BB41-94E34F188FF9}.Release|x86.ActiveCfg = Release|iPhone
		{2965A9A0-DE41-425C-9234-6B742D23B923}.Ad-Hoc|Any CPU.ActiveCfg = Release|x86
		{2965A9A0-DE41-425C-9234-6B742D23B923}.Ad-Hoc|Any CPU.Build.0 = Release|x86
		{2965A9A0-DE41-425C-9234-6B742D23B923}.Ad-Hoc|Any CPU.Deploy.0 = Release|x86
		{2965A9A0-DE41-425C-9234-6B742D23B923}.Ad-Hoc|ARM.ActiveCfg = Release|ARM
		{2965A9A0-DE41-425C-9234-6B742D23B923}.Ad-Hoc|ARM.Build.0 = Release|ARM
		{2965A9A0-DE41-425C-9234-6B742D23B923}.Ad-Hoc|ARM.Deploy.0 = Release|ARM
		{2965A9A0-DE41-425C-9234-6B742D23B923}.Ad-Hoc|iPhone.ActiveCfg = Release|x86
		{2965A9A0-DE41-425C-9234-6B742D23B923}.Ad-Hoc|iPhone.Build.0 = Release|x86
		{2965A9A0-DE41-425C-9234-6B742D23B923}.Ad-Hoc|iPhone.Deploy.0 = Release|x86
		{2965A9A0-DE41-425C-9234-6B742D23B923}.Ad-Hoc|iPhoneSimulator.ActiveCfg = Release|x86
		{2965A9A0-DE41-425C-9234-6B742D23B923}.Ad-Hoc|iPhoneSimulator.Build.0 = Release|x86
		{2965A9A0-DE41-425C-9234-6B742D23B923}.Ad-Hoc|iPhoneSimulator.Deploy.0 = Release|x86
		{2965A9A0-DE41-425C-9234-6B742D23B923}.Ad-Hoc|x64.ActiveCfg = Release|x64
		{2965A9A0-DE41-425C-9234-6B742D23B923}.Ad-Hoc|x64.Build.0 = Release|x64
		{2965A9A0-DE41-425C-9234-6B742D23B923}.Ad-Hoc|x64.Deploy.0 = Release|x64
		{2965A9A0-DE41-425C-9234-6B742D23B923}.Ad-Hoc|x86.ActiveCfg = Release|x86
		{2965A9A0-DE41-425C-9234-6B742D23B923}.Ad-Hoc|x86.Build.0 = Release|x86
		{2965A9A0-DE41-425C-9234-6B742D23B923}.Ad-Hoc|x86.Deploy.0 = Release|x86
		{2965A9A0-DE41-425C-9234-6B742D23B923}.AppStore|Any CPU.ActiveCfg = Release|x86
		{2965A9A0-DE41-425C-9234-6B742D23B923}.AppStore|Any CPU.Build.0 = Release|x86
		{2965A9A0-DE41-425C-9234-6B742D23B923}.AppStore|Any CPU.Deploy.0 = Release|x86
		{2965A9A0-DE41-425C-9234-6B742D23B923}.AppStore|ARM.ActiveCfg = Release|ARM
		{2965A9A0-DE41-425C-9234-6B742D23B923}.AppStore|ARM.Build.0 = Release|ARM
		{2965A9A0-DE41-425C-9234-6B742D23B923}.AppStore|ARM.Deploy.0 = Release|ARM
		{2965A9A0-DE41-425C-9234-6B742D23B923}.AppStore|iPhone.ActiveCfg = Release|x86
		{2965A9A0-DE41-425C-9234-6B742D23B923}.AppStore|iPhone.Build.0 = Release|x86
		{2965A9A0-DE41-425C-9234-6B742D23B923}.AppStore|iPhone.Deploy.0 = Release|x86
		{2965A9A0-DE41-425C-9234-6B742D23B923}.AppStore|iPhoneSimulator.ActiveCfg = Release|x86
		{2965A9A0-DE41-425C-9234-6B742D23B923}.AppStore|iPhoneSimulator.Build.0 = Release|x86
		{2965A9A0-DE41-425C-9234-6B742D23B923}.AppStore|iPhoneSimulator.Deploy.0 = Release|x86
		{2965A9A0-DE41-425C-9234-6B742D23B923}.AppStore|x64.ActiveCfg = Release|x64
		{2965A9A0-DE41-425C-9234-6B742D23B923}.AppStore|x64.Build.0 = Release|x64
		{2965A9A0-DE41-425C-9234-6B742D23B923}.AppStore|x64.Deploy.0 = Release|x64
		{2965A9A0-DE41-425C-9234-6B742D23B923}.AppStore|x86.ActiveCfg = Release|x86
		{2965A9A0-DE41-425C-9234-6B742D23B923}.AppStore|x86.Build.0 = Release|x86
		{2965A9A0-DE41-425C-9234-6B742D23B923}.AppStore|x86.Deploy.0 = Release|x86
		{2965A9A0-DE41-425C-9234-6B742D23B923}.Debug|Any CPU.ActiveCfg = Debug|x86
		{2965A9A0-DE41-425C-9234-6B742D23B923}.Debug|Any CPU.Build.0 = Debug|x86
		{2965A9A0-DE41-425C-9234-6B742D23B923}.Debug|Any CPU.Deploy.0 = Debug|x86
		{2965A9A0-DE41-425C-9234-6B742D23B923}.Debug|ARM.ActiveCfg = Debug|ARM
		{2965A9A0-DE41-425C-9234-6B742D23B923}.Debug|ARM.Build.0 = Debug|ARM
		{2965A9A0-DE41-425C-9234-6B742D23B923}.Debug|ARM.Deploy.0 = Debug|ARM
		{2965A9A0-DE41-425C-9234-6B742D23B923}.Debug|iPhone.ActiveCfg = Debug|x86
		{2965A9A0-DE41-425C-9234-6B742D23B923}.Debug|iPhoneSimulator.ActiveCfg = Debug|x86
		{2965A9A0-DE41-425C-9234-6B742D23B923}.Debug|x64.ActiveCfg = Debug|x64
		{2965A9A0-DE41-425C-9234-6B742D23B923}.Debug|x64.Build.0 = Debug|x64
		{2965A9A0-DE41-425C-9234-6B742D23B923}.Debug|x64.Deploy.0 = Debug|x64
		{2965A9A0-DE41-425C-9234-6B742D23B923}.Debug|x86.ActiveCfg = Debug|x86
		{2965A9A0-DE41-425C-9234-6B742D23B923}.Debug|x86.Build.0 = Debug|x86
		{2965A9A0-DE41-425C-9234-6B742D23B923}.Debug|x86.Deploy.0 = Debug|x86
		{2965A9A0-DE41-425C-9234-6B742D23B923}.Release|Any CPU.ActiveCfg = Release|x86
		{2965A9A0-DE41-425C-9234-6B742D23B923}.Release|ARM.ActiveCfg = Release|ARM
		{2965A9A0-DE41-425C-9234-6B742D23B923}.Release|ARM.Build.0 = Release|ARM
		{2965A9A0-DE41-425C-9234-6B742D23B923}.Release|ARM.Deploy.0 = Release|ARM
		{2965A9A0-DE41-425C-9234-6B742D23B923}.Release|iPhone.ActiveCfg = Release|x86
		{2965A9A0-DE41-425C-9234-6B742D23B923}.Release|iPhoneSimulator.ActiveCfg = Release|x86
		{2965A9A0-DE41-425C-9234-6B742D23B923}.Release|x64.ActiveCfg = Release|x64
		{2965A9A0-DE41-425C-9234-6B742D23B923}.Release|x64.Build.0 = Release|x64
		{2965A9A0-DE41-425C-9234-6B742D23B923}.Release|x64.Deploy.0 = Release|x64
		{2965A9A0-DE41-425C-9234-6B742D23B923}.Release|x86.ActiveCfg = Release|x86
		{2965A9A0-DE41-425C-9234-6B742D23B923}.Release|x86.Build.0 = Release|x86
		{2965A9A0-DE41-425C-9234-6B742D23B923}.Release|x86.Deploy.0 = Release|x86
		{C8376757-0397-44DB-9315-436EA6B32469}.Ad-Hoc|Any CPU.ActiveCfg = Release|Any CPU
		{C8376757-0397-44DB-9315-436EA6B32469}.Ad-Hoc|Any CPU.Build.0 = Release|Any CPU
		{C8376757-0397-44DB-9315-436EA6B32469}.Ad-Hoc|Any CPU.Deploy.0 = Release|Any CPU
		{C8376757-0397-44DB-9315-436EA6B32469}.Ad-Hoc|ARM.ActiveCfg = Release|ARM
		{C8376757-0397-44DB-9315-436EA6B32469}.Ad-Hoc|ARM.Build.0 = Release|ARM
		{C8376757-0397-44DB-9315-436EA6B32469}.Ad-Hoc|ARM.Deploy.0 = Release|ARM
		{C8376757-0397-44DB-9315-436EA6B32469}.Ad-Hoc|iPhone.ActiveCfg = Release|Any CPU
		{C8376757-0397-44DB-9315-436EA6B32469}.Ad-Hoc|iPhone.Build.0 = Release|Any CPU
		{C8376757-0397-44DB-9315-436EA6B32469}.Ad-Hoc|iPhone.Deploy.0 = Release|Any CPU
		{C8376757-0397-44DB-9315-436EA6B32469}.Ad-Hoc|iPhoneSimulator.ActiveCfg = Release|Any CPU
		{C8376757-0397-44DB-9315-436EA6B32469}.Ad-Hoc|iPhoneSimulator.Build.0 = Release|Any CPU
		{C8376757-0397-44DB-9315-436EA6B32469}.Ad-Hoc|iPhoneSimulator.Deploy.0 = Release|Any CPU
		{C8376757-0397-44DB-9315-436EA6B32469}.Ad-Hoc|x64.ActiveCfg = Release|x64
		{C8376757-0397-44DB-9315-436EA6B32469}.Ad-Hoc|x64.Build.0 = Release|x64
		{C8376757-0397-44DB-9315-436EA6B32469}.Ad-Hoc|x64.Deploy.0 = Release|x64
		{C8376757-0397-44DB-9315-436EA6B32469}.Ad-Hoc|x86.ActiveCfg = Release|x86
		{C8376757-0397-44DB-9315-436EA6B32469}.Ad-Hoc|x86.Build.0 = Release|x86
		{C8376757-0397-44DB-9315-436EA6B32469}.Ad-Hoc|x86.Deploy.0 = Release|x86
		{C8376757-0397-44DB-9315-436EA6B32469}.AppStore|Any CPU.ActiveCfg = Release|Any CPU
		{C8376757-0397-44DB-9315-436EA6B32469}.AppStore|Any CPU.Build.0 = Release|Any CPU
		{C8376757-0397-44DB-9315-436EA6B32469}.AppStore|Any CPU.Deploy.0 = Release|Any CPU
		{C8376757-0397-44DB-9315-436EA6B32469}.AppStore|ARM.ActiveCfg = Release|ARM
		{C8376757-0397-44DB-9315-436EA6B32469}.AppStore|ARM.Build.0 = Release|ARM
		{C8376757-0397-44DB-9315-436EA6B32469}.AppStore|ARM.Deploy.0 = Release|ARM
		{C8376757-0397-44DB-9315-436EA6B32469}.AppStore|iPhone.ActiveCfg = Release|Any CPU
		{C8376757-0397-44DB-9315-436EA6B32469}.AppStore|iPhone.Build.0 = Release|Any CPU
		{C8376757-0397-44DB-9315-436EA6B32469}.AppStore|iPhone.Deploy.0 = Release|Any CPU
		{C8376757-0397-44DB-9315-436EA6B32469}.AppStore|iPhoneSimulator.ActiveCfg = Release|Any CPU
		{C8376757-0397-44DB-9315-436EA6B32469}.AppStore|iPhoneSimulator.Build.0 = Release|Any CPU
		{C8376757-0397-44DB-9315-436EA6B32469}.AppStore|iPhoneSimulator.Deploy.0 = Release|Any CPU
		{C8376757-0397-44DB-9315-436EA6B32469}.AppStore|x64.ActiveCfg = Release|x64
		{C8376757-0397-44DB-9315-436EA6B32469}.AppStore|x64.Build.0 = Release|x64
		{C8376757-0397-44DB-9315-436EA6B32469}.AppStore|x64.Deploy.0 = Release|x64
		{C8376757-0397-44DB-9315-436EA6B32469}.AppStore|x86.ActiveCfg = Release|x86
		{C8376757-0397-44DB-9315-436EA6B32469}.AppStore|x86.Build.0 = Release|x86
		{C8376757-0397-44DB-9315-436EA6B32469}.AppStore|x86.Deploy.0 = Release|x86
		{C8376757-0397-44DB-9315-436EA6B32469}.Debug|Any CPU.ActiveCfg = Debug|Any CPU
		{C8376757-0397-44DB-9315-436EA6B32469}.Debug|Any CPU.Build.0 = Debug|Any CPU
		{C8376757-0397-44DB-9315-436EA6B32469}.Debug|Any CPU.Deploy.0 = Debug|Any CPU
		{C8376757-0397-44DB-9315-436EA6B32469}.Debug|ARM.ActiveCfg = Debug|ARM
		{C8376757-0397-44DB-9315-436EA6B32469}.Debug|ARM.Build.0 = Debug|ARM
		{C8376757-0397-44DB-9315-436EA6B32469}.Debug|ARM.Deploy.0 = Debug|ARM
		{C8376757-0397-44DB-9315-436EA6B32469}.Debug|iPhone.ActiveCfg = Debug|Any CPU
		{C8376757-0397-44DB-9315-436EA6B32469}.Debug|iPhone.Build.0 = Debug|Any CPU
		{C8376757-0397-44DB-9315-436EA6B32469}.Debug|iPhone.Deploy.0 = Debug|Any CPU
		{C8376757-0397-44DB-9315-436EA6B32469}.Debug|iPhoneSimulator.ActiveCfg = Debug|Any CPU
		{C8376757-0397-44DB-9315-436EA6B32469}.Debug|iPhoneSimulator.Build.0 = Debug|Any CPU
		{C8376757-0397-44DB-9315-436EA6B32469}.Debug|iPhoneSimulator.Deploy.0 = Debug|Any CPU
		{C8376757-0397-44DB-9315-436EA6B32469}.Debug|x64.ActiveCfg = Debug|x64
		{C8376757-0397-44DB-9315-436EA6B32469}.Debug|x64.Build.0 = Debug|x64
		{C8376757-0397-44DB-9315-436EA6B32469}.Debug|x64.Deploy.0 = Debug|x64
		{C8376757-0397-44DB-9315-436EA6B32469}.Debug|x86.ActiveCfg = Debug|x86
		{C8376757-0397-44DB-9315-436EA6B32469}.Debug|x86.Build.0 = Debug|x86
		{C8376757-0397-44DB-9315-436EA6B32469}.Debug|x86.Deploy.0 = Debug|x86
		{C8376757-0397-44DB-9315-436EA6B32469}.Release|Any CPU.ActiveCfg = Release|Any CPU
		{C8376757-0397-44DB-9315-436EA6B32469}.Release|Any CPU.Build.0 = Release|Any CPU
		{C8376757-0397-44DB-9315-436EA6B32469}.Release|Any CPU.Deploy.0 = Release|Any CPU
		{C8376757-0397-44DB-9315-436EA6B32469}.Release|ARM.ActiveCfg = Release|ARM
		{C8376757-0397-44DB-9315-436EA6B32469}.Release|ARM.Build.0 = Release|ARM
		{C8376757-0397-44DB-9315-436EA6B32469}.Release|ARM.Deploy.0 = Release|ARM
		{C8376757-0397-44DB-9315-436EA6B32469}.Release|iPhone.ActiveCfg = Release|Any CPU
		{C8376757-0397-44DB-9315-436EA6B32469}.Release|iPhone.Build.0 = Release|Any CPU
		{C8376757-0397-44DB-9315-436EA6B32469}.Release|iPhone.Deploy.0 = Release|Any CPU
		{C8376757-0397-44DB-9315-436EA6B32469}.Release|iPhoneSimulator.ActiveCfg = Release|Any CPU
		{C8376757-0397-44DB-9315-436EA6B32469}.Release|iPhoneSimulator.Build.0 = Release|Any CPU
		{C8376757-0397-44DB-9315-436EA6B32469}.Release|iPhoneSimulator.Deploy.0 = Release|Any CPU
		{C8376757-0397-44DB-9315-436EA6B32469}.Release|x64.ActiveCfg = Release|x64
		{C8376757-0397-44DB-9315-436EA6B32469}.Release|x64.Build.0 = Release|x64
		{C8376757-0397-44DB-9315-436EA6B32469}.Release|x64.Deploy.0 = Release|x64
		{C8376757-0397-44DB-9315-436EA6B32469}.Release|x86.ActiveCfg = Release|x86
		{C8376757-0397-44DB-9315-436EA6B32469}.Release|x86.Build.0 = Release|x86
		{C8376757-0397-44DB-9315-436EA6B32469}.Release|x86.Deploy.0 = Release|x86
	EndGlobalSection
	GlobalSection(SolutionProperties) = preSolution
		HideSolutionNode = FALSE
	EndGlobalSection
EndGlobal
